# THIS IS AN AUTOGENERATED FILE. DO NOT EDIT THIS FILE DIRECTLY.
# yarn lockfile v1


react-colorful@latest:
  version "5.5.1"
  resolved "https://registry.yarnpkg.com/react-colorful/-/react-colorful-5.5.1.tgz#29d9c4e496f2ca784dd2bb5053a3a4340cfaf784"
  integrity sha512-M1TJH2X3RXEt12sWkpa6hLc/bbYS0H6F4rIqjQZ+RxNBstpY67d9TrFXtqdZwhpmBXcCwEi7stKqFue3ZRkiOg==

use-debouncy@^4.2.1:
  version "4.2.1"
  resolved "https://registry.yarnpkg.com/use-debouncy/-/use-debouncy-4.2.1.tgz#77b7826074b707ca4ca92739f362e4301b58f02e"
  integrity sha512-wvKcvmftk716UkRPC7+/W3AIWj0m4TKLkKTrgBeR+4/e1//turjZLlSIu8ix2AeeFK/3E4poCqN/eMr2qNApcQ==
